
Microsoft Visual Studio Solution File, Format Version 12.00
# Visual Studio Version 16
VisualStudioVersion = 16.0.31321.278
MinimumVisualStudioVersion = 10.0.40219.1
Project("{FAE04EC0-301F-11D3-BF4B-00C04F79EFBC}") = "G1ANT.Addon.Browser", "G1ANT.Addon.Browser\G1ANT.Addon.Browser.csproj", "{5CB59F51-7F27-4612-B240-06FFC108B924}"
EndProject
Global
	GlobalSection(SolutionConfigurationPlatforms) = preSolution
		Debug|Any CPU = Debug|Any CPU
		Release|Any CPU = Release|Any CPU
	EndGlobalSection
	GlobalSection(ProjectConfigurationPlatforms) = postSolution
		{5CB59F51-7F27-4612-B240-06FFC108B924}.Debug|Any CPU.ActiveCfg = Debug|Any CPU
		{5CB59F51-7F27-4612-B240-06FFC108B924}.Debug|Any CPU.Build.0 = Debug|Any CPU
		{5CB59F51-7F27-4612-B240-06FFC108B924}.Release|Any CPU.ActiveCfg = Release|Any CPU
		{5CB59F51-7F27-4612-B240-06FFC108B924}.Release|Any CPU.Build.0 = Release|Any CPU
	EndGlobalSection
	GlobalSection(SolutionProperties) = preSolution
		HideSolutionNode = FALSE
	EndGlobalSection
	GlobalSection(ExtensibilityGlobals) = postSolution
		SolutionGuid = {45D0BBB2-12D5-4241-943B-D8A87C076B26}
	EndGlobalSection
EndGlobal
